
Microsoft Visual Studio Solution File, Format Version 12.00
# Visual Studio 15
VisualStudioVersion = 15.0.27703.2042
MinimumVisualStudioVersion = 10.0.40219.1
Project("{FAE04EC0-301F-11D3-BF4B-00C04F79EFBC}") = "NM2O_Spot_Analyzer", "NM2O_Spot_Analyzer\NM2O_Spot_Analyzer.csproj", "{23BACFDA-905F-405F-9455-B1DF869808AB}"
EndProject
Project("{FAE04EC0-301F-11D3-BF4B-00C04F79EFBC}") = "NM2O_Spot_Analyzer_UnitTests", "NM2O_Spot_Analyzer_UnitTests\NM2O_Spot_Analyzer_UnitTests.csproj", "{31D35A7B-DAD2-43AD-A736-88E5E744603A}"
EndProject
Global
	GlobalSection(SolutionConfigurationPlatforms) = preSolution
		Debug|Any CPU = Debug|Any CPU
		Release|Any CPU = Release|Any CPU
	EndGlobalSection
	GlobalSection(ProjectConfigurationPlatforms) = postSolution
		{23BACFDA-905F-405F-9455-B1DF869808AB}.Debug|Any CPU.ActiveCfg = Debug|Any CPU
		{23BACFDA-905F-405F-9455-B1DF869808AB}.Debug|Any CPU.Build.0 = Debug|Any CPU
		{23BACFDA-905F-405F-9455-B1DF869808AB}.Release|Any CPU.ActiveCfg = Release|Any CPU
		{23BACFDA-905F-405F-9455-B1DF869808AB}.Release|Any CPU.Build.0 = Release|Any CPU
		{31D35A7B-DAD2-43AD-A736-88E5E744603A}.Debug|Any CPU.ActiveCfg = Debug|Any CPU
		{31D35A7B-DAD2-43AD-A736-88E5E744603A}.Debug|Any CPU.Build.0 = Debug|Any CPU
		{31D35A7B-DAD2-43AD-A736-88E5E744603A}.Release|Any CPU.ActiveCfg = Release|Any CPU
		{31D35A7B-DAD2-43AD-A736-88E5E744603A}.Release|Any CPU.Build.0 = Release|Any CPU
	EndGlobalSection
	GlobalSection(SolutionProperties) = preSolution
		HideSolutionNode = FALSE
	EndGlobalSection
	GlobalSection(ExtensibilityGlobals) = postSolution
		SolutionGuid = {46A9D633-8400-4D98-A9B1-C28452C1953E}
	EndGlobalSection
EndGlobal
